
Microsoft Visual Studio Solution File, Format Version 12.00
# Visual Studio Version 16
VisualStudioVersion = 16.0.31005.135
MinimumVisualStudioVersion = 10.0.40219.1
Project("{FAE04EC0-301F-11D3-BF4B-00C04F79EFBC}") = "ProjetoPratico", "ProjetoPratico\ProjetoPratico.csproj", "{82F376CD-16CC-4D37-90E3-C9417ED64FCD}"
EndProject
Global
	GlobalSection(SolutionConfigurationPlatforms) = preSolution
		Debug|Any CPU = Debug|Any CPU
		Release|Any CPU = Release|Any CPU
	EndGlobalSection
	GlobalSection(ProjectConfigurationPlatforms) = postSolution
		{82F376CD-16CC-4D37-90E3-C9417ED64FCD}.Debug|Any CPU.ActiveCfg = Debug|Any CPU
		{82F376CD-16CC-4D37-90E3-C9417ED64FCD}.Debug|Any CPU.Build.0 = Debug|Any CPU
		{82F376CD-16CC-4D37-90E3-C9417ED64FCD}.Release|Any CPU.ActiveCfg = Release|Any CPU
		{82F376CD-16CC-4D37-90E3-C9417ED64FCD}.Release|Any CPU.Build.0 = Release|Any CPU
	EndGlobalSection
	GlobalSection(SolutionProperties) = preSolution
		HideSolutionNode = FALSE
	EndGlobalSection
	GlobalSection(ExtensibilityGlobals) = postSolution
		SolutionGuid = {0328FF63-C4A8-4D4A-AB52-BBF750D85946}
	EndGlobalSection
EndGlobal
